
Microsoft Visual Studio Solution File, Format Version 12.00
Project("{F2A71F9B-5D33-465A-A702-920D77279786}") = "BookingApi", "BookingApi\BookingApi.fsproj", "{D96681F5-3498-4509-BEEC-BB1CB3741B72}"
EndProject
Global
	GlobalSection(SolutionConfigurationPlatforms) = preSolution
		Debug|Any CPU = Debug|Any CPU
		Release|Any CPU = Release|Any CPU
	EndGlobalSection
	GlobalSection(ProjectConfigurationPlatforms) = postSolution
		{D96681F5-3498-4509-BEEC-BB1CB3741B72}.Debug|Any CPU.ActiveCfg = Debug|Any CPU
		{D96681F5-3498-4509-BEEC-BB1CB3741B72}.Debug|Any CPU.Build.0 = Debug|Any CPU
		{D96681F5-3498-4509-BEEC-BB1CB3741B72}.Release|Any CPU.ActiveCfg = Release|Any CPU
		{D96681F5-3498-4509-BEEC-BB1CB3741B72}.Release|Any CPU.Build.0 = Release|Any CPU
	EndGlobalSection
EndGlobal
